
Microsoft Visual Studio Solution File, Format Version 12.00
# Visual Studio Version 16
VisualStudioVersion = 16.0.31702.278
MinimumVisualStudioVersion = 10.0.40219.1
Project("{FAE04EC0-301F-11D3-BF4B-00C04F79EFBC}") = "Student Information System", "Student Information System\Student Information System.csproj", "{87178799-8B2F-420D-8B5C-FF770AD15332}"
EndProject
Global
	GlobalSection(SolutionConfigurationPlatforms) = preSolution
		Debug|Any CPU = Debug|Any CPU
		Release|Any CPU = Release|Any CPU
	EndGlobalSection
	GlobalSection(ProjectConfigurationPlatforms) = postSolution
		{87178799-8B2F-420D-8B5C-FF770AD15332}.Debug|Any CPU.ActiveCfg = Debug|Any CPU
		{87178799-8B2F-420D-8B5C-FF770AD15332}.Debug|Any CPU.Build.0 = Debug|Any CPU
		{87178799-8B2F-420D-8B5C-FF770AD15332}.Release|Any CPU.ActiveCfg = Release|Any CPU
		{87178799-8B2F-420D-8B5C-FF770AD15332}.Release|Any CPU.Build.0 = Release|Any CPU
	EndGlobalSection
	GlobalSection(SolutionProperties) = preSolution
		HideSolutionNode = FALSE
	EndGlobalSection
	GlobalSection(ExtensibilityGlobals) = postSolution
		SolutionGuid = {3B6A4B4D-8C5C-4783-982A-6A0B448F9437}
	EndGlobalSection
EndGlobal
